
Microsoft Visual Studio Solution File, Format Version 11.00
# Visual Studio 2010
Project("{FAE04EC0-301F-11D3-BF4B-00C04F79EFBC}") = "pantallainicio", "Assembly-CSharp.csproj", "{DB562780-D1A3-88A0-D689-A089F10210D1}"
EndProject
Global
	GlobalSection(SolutionConfigurationPlatforms) = preSolution
		Debug|Any CPU = Debug|Any CPU
		Release|Any CPU = Release|Any CPU
	EndGlobalSection
	GlobalSection(ProjectConfigurationPlatforms) = postSolution
		{DB562780-D1A3-88A0-D689-A089F10210D1}.Debug|Any CPU.ActiveCfg = Debug|Any CPU
		{DB562780-D1A3-88A0-D689-A089F10210D1}.Debug|Any CPU.Build.0 = Debug|Any CPU
		{DB562780-D1A3-88A0-D689-A089F10210D1}.Release|Any CPU.ActiveCfg = Release|Any CPU
		{DB562780-D1A3-88A0-D689-A089F10210D1}.Release|Any CPU.Build.0 = Release|Any CPU
	EndGlobalSection
	GlobalSection(SolutionProperties) = preSolution
		HideSolutionNode = FALSE
	EndGlobalSection
	GlobalSection(MonoDevelopProperties) = preSolution
		StartupItem = Assembly-CSharp.csproj
	EndGlobalSection
EndGlobal
